<Solution>
  <Folder Name="/SharedProyects/">
    <Project Path="ResultType/ResultType.shproj" Id="4b4e8998-08ad-4621-b90a-1796b8ff4dee" />
  </Folder>
  <Folder Name="/Solution Items/">
    <File Path="Documentacion/ContextoDelProyecto.md" />
    <File Path="Documentacion/PlanDeInvestigacion.md" />
    <File Path="Documentacion/README.md" />
  </Folder>
  <Project Path="EBAY.DatabaseConnection/EBAY.DatabaseConnection.csproj" Id="a8918e29-5832-4beb-af18-16fb5068ce18" />
  <Project Path="EBAY.InventoryService/EBAY.InventoryService.csproj" Id="5e942401-11ed-4291-8a1e-9730e7d2dca8" />
  <Project Path="EBAY.InventoryService.Tests/EBAY.InventoryService.Tests.csproj" />
  <Project Path="EBAY.TRADING.API.CLIENT/EBAY.TRADING.API.CLIENT.csproj" Id="a7ae3ad9-a7dd-4097-a1c9-ed6b530c1634" />
  <Project Path="EBAYHttpClient/EBAYHttpClient.csproj" />
  <Project Path="TestConsole/TestConsole.csproj" Id="f1fd80e2-a481-41ed-bc24-c53e0df60a50" />
</Solution>
